{
  "name": "demo",
  "version": "0.0.1",
  "lockfileVersion": 2,
  "requires": true,
  "packages": {
    "": {
      "name": "demo",
      "version": "0.0.1",
      "license": "MIT",
      "dependencies": {
        "@stencil-community/router": "stencil-community/stencil-router"
      }
    },
    "node_modules/@stencil-community/router": {
      "name": "root",
      "resolved": "git+ssh://git@github.com/stencil-community/stencil-router.git#cf47ca8e3a2e4ea4b68ec58ec5cdfaf121bb7f36",
      "workspaces": [
        "packages/*"
      ]
    }
  },
  "dependencies": {
    "@stencil-community/router": {
      "version": "git+ssh://git@github.com/stencil-community/stencil-router.git#cf47ca8e3a2e4ea4b68ec58ec5cdfaf121bb7f36",
      "from": "@stencil-community/router@stencil-community/stencil-router"
    }
  }
}
